
Microsoft Visual Studio Solution File, Format Version 12.00
# Visual Studio Version 16
VisualStudioVersion = 16.0.28902.138
MinimumVisualStudioVersion = 10.0.40219.1
Project("{FAE04EC0-301F-11D3-BF4B-00C04F79EFBC}") = "ConsoleApp1", "ConsoleApp1\ConsoleApp1.csproj", "{E01D2FE3-98B8-4445-91F8-717D82FEF9EE}"
EndProject
Global
	GlobalSection(SolutionConfigurationPlatforms) = preSolution
		Debug|Any CPU = Debug|Any CPU
		Release|Any CPU = Release|Any CPU
	EndGlobalSection
	GlobalSection(ProjectConfigurationPlatforms) = postSolution
		{E01D2FE3-98B8-4445-91F8-717D82FEF9EE}.Debug|Any CPU.ActiveCfg = Debug|Any CPU
		{E01D2FE3-98B8-4445-91F8-717D82FEF9EE}.Debug|Any CPU.Build.0 = Debug|Any CPU
		{E01D2FE3-98B8-4445-91F8-717D82FEF9EE}.Release|Any CPU.ActiveCfg = Release|Any CPU
		{E01D2FE3-98B8-4445-91F8-717D82FEF9EE}.Release|Any CPU.Build.0 = Release|Any CPU
	EndGlobalSection
	GlobalSection(SolutionProperties) = preSolution
		HideSolutionNode = FALSE
	EndGlobalSection
	GlobalSection(ExtensibilityGlobals) = postSolution
		SolutionGuid = {77F923DD-3A8D-4402-99F1-CABDFD670733}
	EndGlobalSection
EndGlobal
